
Microsoft Visual Studio Solution File, Format Version 12.00
# Visual Studio Version 16
VisualStudioVersion = 16.0.31112.23
MinimumVisualStudioVersion = 10.0.40219.1
Project("{FAE04EC0-301F-11D3-BF4B-00C04F79EFBC}") = "ProiectPIU", "ProiectPIU\ProiectPIU.csproj", "{4D2ACBE1-62A8-45E3-9ABC-6FB48C4BB9CB}"
EndProject
Global
	GlobalSection(SolutionConfigurationPlatforms) = preSolution
		Debug|Any CPU = Debug|Any CPU
		Release|Any CPU = Release|Any CPU
	EndGlobalSection
	GlobalSection(ProjectConfigurationPlatforms) = postSolution
		{4D2ACBE1-62A8-45E3-9ABC-6FB48C4BB9CB}.Debug|Any CPU.ActiveCfg = Debug|Any CPU
		{4D2ACBE1-62A8-45E3-9ABC-6FB48C4BB9CB}.Debug|Any CPU.Build.0 = Debug|Any CPU
		{4D2ACBE1-62A8-45E3-9ABC-6FB48C4BB9CB}.Release|Any CPU.ActiveCfg = Release|Any CPU
		{4D2ACBE1-62A8-45E3-9ABC-6FB48C4BB9CB}.Release|Any CPU.Build.0 = Release|Any CPU
	EndGlobalSection
	GlobalSection(SolutionProperties) = preSolution
		HideSolutionNode = FALSE
	EndGlobalSection
	GlobalSection(ExtensibilityGlobals) = postSolution
		SolutionGuid = {23124FB0-267D-475E-B26D-305F1809D8F0}
	EndGlobalSection
EndGlobal
